
Microsoft Visual Studio Solution File, Format Version 12.00
# Visual Studio Version 16
VisualStudioVersion = 16.0.31005.135
MinimumVisualStudioVersion = 10.0.40219.1
Project("{FAE04EC0-301F-11D3-BF4B-00C04F79EFBC}") = "EmailService", "EmailService.csproj", "{FAAD5F0C-0951-4428-8C52-503D963D54DA}"
EndProject
Global
	GlobalSection(SolutionConfigurationPlatforms) = preSolution
		Debug|Any CPU = Debug|Any CPU
		Release|Any CPU = Release|Any CPU
	EndGlobalSection
	GlobalSection(ProjectConfigurationPlatforms) = postSolution
		{FAAD5F0C-0951-4428-8C52-503D963D54DA}.Debug|Any CPU.ActiveCfg = Debug|Any CPU
		{FAAD5F0C-0951-4428-8C52-503D963D54DA}.Debug|Any CPU.Build.0 = Debug|Any CPU
		{FAAD5F0C-0951-4428-8C52-503D963D54DA}.Release|Any CPU.ActiveCfg = Release|Any CPU
		{FAAD5F0C-0951-4428-8C52-503D963D54DA}.Release|Any CPU.Build.0 = Release|Any CPU
	EndGlobalSection
	GlobalSection(SolutionProperties) = preSolution
		HideSolutionNode = FALSE
	EndGlobalSection
	GlobalSection(ExtensibilityGlobals) = postSolution
		SolutionGuid = {CF6BD401-828C-4F24-B462-D63624CB44F3}
	EndGlobalSection
EndGlobal
